
Microsoft Visual Studio Solution File, Format Version 12.00
# Visual Studio 14
VisualStudioVersion = 14.0.24720.0
MinimumVisualStudioVersion = 10.0.40219.1
Project("{FAE04EC0-301F-11D3-BF4B-00C04F79EFBC}") = "01.Permutations", "Permutations\01.Permutations.csproj", "{76BE677B-AA8B-4AEF-8BE0-F55245C41069}"
EndProject
Project("{FAE04EC0-301F-11D3-BF4B-00C04F79EFBC}") = "02.PermutationsIteratively", "PermutationsIteratively\02.PermutationsIteratively.csproj", "{C5000B51-3C0B-4845-AE47-E44821CABA1D}"
EndProject
Project("{FAE04EC0-301F-11D3-BF4B-00C04F79EFBC}") = "04.SubsetsOfString", "SubsetsOfString\04.SubsetsOfString.csproj", "{FA53488E-CC93-4AFC-B2B6-C8F1E7E450DD}"
EndProject
Project("{FAE04EC0-301F-11D3-BF4B-00C04F79EFBC}") = "05.PermutationsWithRepetition", "PermutationsWithRepetition\05.PermutationsWithRepetition.csproj", "{3D823F55-7D28-496D-B507-5E64C826ED39}"
EndProject
Project("{FAE04EC0-301F-11D3-BF4B-00C04F79EFBC}") = "03.CombinationsIteratively", "CombinationsIteratively\03.CombinationsIteratively.csproj", "{EA9BE887-CDFA-4B47-80D3-26BF15738451}"
EndProject
Global
	GlobalSection(SolutionConfigurationPlatforms) = preSolution
		Debug|Any CPU = Debug|Any CPU
		Release|Any CPU = Release|Any CPU
	EndGlobalSection
	GlobalSection(ProjectConfigurationPlatforms) = postSolution
		{76BE677B-AA8B-4AEF-8BE0-F55245C41069}.Debug|Any CPU.ActiveCfg = Debug|Any CPU
		{76BE677B-AA8B-4AEF-8BE0-F55245C41069}.Debug|Any CPU.Build.0 = Debug|Any CPU
		{76BE677B-AA8B-4AEF-8BE0-F55245C41069}.Release|Any CPU.ActiveCfg = Release|Any CPU
		{76BE677B-AA8B-4AEF-8BE0-F55245C41069}.Release|Any CPU.Build.0 = Release|Any CPU
		{C5000B51-3C0B-4845-AE47-E44821CABA1D}.Debug|Any CPU.ActiveCfg = Debug|Any CPU
		{C5000B51-3C0B-4845-AE47-E44821CABA1D}.Debug|Any CPU.Build.0 = Debug|Any CPU
		{C5000B51-3C0B-4845-AE47-E44821CABA1D}.Release|Any CPU.ActiveCfg = Release|Any CPU
		{C5000B51-3C0B-4845-AE47-E44821CABA1D}.Release|Any CPU.Build.0 = Release|Any CPU
		{FA53488E-CC93-4AFC-B2B6-C8F1E7E450DD}.Debug|Any CPU.ActiveCfg = Debug|Any CPU
		{FA53488E-CC93-4AFC-B2B6-C8F1E7E450DD}.Debug|Any CPU.Build.0 = Debug|Any CPU
		{FA53488E-CC93-4AFC-B2B6-C8F1E7E450DD}.Release|Any CPU.ActiveCfg = Release|Any CPU
		{FA53488E-CC93-4AFC-B2B6-C8F1E7E450DD}.Release|Any CPU.Build.0 = Release|Any CPU
		{3D823F55-7D28-496D-B507-5E64C826ED39}.Debug|Any CPU.ActiveCfg = Debug|Any CPU
		{3D823F55-7D28-496D-B507-5E64C826ED39}.Debug|Any CPU.Build.0 = Debug|Any CPU
		{3D823F55-7D28-496D-B507-5E64C826ED39}.Release|Any CPU.ActiveCfg = Release|Any CPU
		{3D823F55-7D28-496D-B507-5E64C826ED39}.Release|Any CPU.Build.0 = Release|Any CPU
		{EA9BE887-CDFA-4B47-80D3-26BF15738451}.Debug|Any CPU.ActiveCfg = Debug|Any CPU
		{EA9BE887-CDFA-4B47-80D3-26BF15738451}.Debug|Any CPU.Build.0 = Debug|Any CPU
		{EA9BE887-CDFA-4B47-80D3-26BF15738451}.Release|Any CPU.ActiveCfg = Release|Any CPU
		{EA9BE887-CDFA-4B47-80D3-26BF15738451}.Release|Any CPU.Build.0 = Release|Any CPU
	EndGlobalSection
	GlobalSection(SolutionProperties) = preSolution
		HideSolutionNode = FALSE
	EndGlobalSection
EndGlobal
