
Microsoft Visual Studio Solution File, Format Version 12.00
# Visual Studio 14
VisualStudioVersion = 14.0.24720.0
MinimumVisualStudioVersion = 10.0.40219.1
Project("{FAE04EC0-301F-11D3-BF4B-00C04F79EFBC}") = "RecursionExcersise", "RecursionExcersise\RecursionExcersise.csproj", "{34E824E3-2075-4A6C-B901-93233B0BBDD0}"
EndProject
Project("{FAE04EC0-301F-11D3-BF4B-00C04F79EFBC}") = "8QueenPuzzle", "8QueenPuzzle\8QueenPuzzle.csproj", "{C983731E-D768-4003-9917-B5034AC1857A}"
EndProject
Global
	GlobalSection(SolutionConfigurationPlatforms) = preSolution
		Debug|Any CPU = Debug|Any CPU
		Release|Any CPU = Release|Any CPU
	EndGlobalSection
	GlobalSection(ProjectConfigurationPlatforms) = postSolution
		{34E824E3-2075-4A6C-B901-93233B0BBDD0}.Debug|Any CPU.ActiveCfg = Debug|Any CPU
		{34E824E3-2075-4A6C-B901-93233B0BBDD0}.Debug|Any CPU.Build.0 = Debug|Any CPU
		{34E824E3-2075-4A6C-B901-93233B0BBDD0}.Release|Any CPU.ActiveCfg = Release|Any CPU
		{34E824E3-2075-4A6C-B901-93233B0BBDD0}.Release|Any CPU.Build.0 = Release|Any CPU
		{C983731E-D768-4003-9917-B5034AC1857A}.Debug|Any CPU.ActiveCfg = Debug|Any CPU
		{C983731E-D768-4003-9917-B5034AC1857A}.Debug|Any CPU.Build.0 = Debug|Any CPU
		{C983731E-D768-4003-9917-B5034AC1857A}.Release|Any CPU.ActiveCfg = Release|Any CPU
		{C983731E-D768-4003-9917-B5034AC1857A}.Release|Any CPU.Build.0 = Release|Any CPU
	EndGlobalSection
	GlobalSection(SolutionProperties) = preSolution
		HideSolutionNode = FALSE
	EndGlobalSection
EndGlobal
